
Microsoft Visual Studio Solution File, Format Version 12.00
# Visual Studio Version 17
VisualStudioVersion = 17.14.36518.9
MinimumVisualStudioVersion = 10.0.40219.1
Project("{FAE04EC0-301F-11D3-BF4B-00C04F79EFBC}") = "ERP_IF_PRO", "ERP_IF_PRO\ERP_IF_PRO.csproj", "{7238B2A9-33EF-4BE6-9193-88366C1550C3}"
EndProject
Project("{2150E333-8FDC-42A3-9474-1A3956D46DE8}") = "Projects", "Projects", "{B1000001-0000-0000-0000-000000000001}"
EndProject
Project("{2150E333-8FDC-42A3-9474-1A3956D46DE8}") = "area_Combi", "area_Combi", "{B1000002-0000-0000-0000-000000000002}"
EndProject
Project("{FAE04EC0-301F-11D3-BF4B-00C04F79EFBC}") = "Regi_Combi", "Projects\area_Combi\Regi_Combi\Regi_Combi.csproj", "{A1B2C3D4-E5F6-7890-ABCD-EF1234567890}"
EndProject
Project("{FAE04EC0-301F-11D3-BF4B-00C04F79EFBC}") = "COMBI_USER_MANAGE", "Projects\area_Combi\COMBI_USER_MANAGE\COMBI_USER_MANAGE.csproj", "{B1C2D3E4-0001-0000-0000-000000000000}"
EndProject
Project("{2150E333-8FDC-42A3-9474-1A3956D46DE8}") = "area_A", "area_A", "{C8D5274F-AC00-46C7-1F8D-E88E81087A52}"
EndProject
Project("{2150E333-8FDC-42A3-9474-1A3956D46DE8}") = "area_C", "area_C", "{36D6148F-E3D3-4DC3-A9D8-340DB961F315}"
EndProject
Project("{2150E333-8FDC-42A3-9474-1A3956D46DE8}") = "area_OutSide", "area_OutSide", "{D4AB5496-EF87-4A28-ABAB-BC341E228D31}"
EndProject
Project("{2150E333-8FDC-42A3-9474-1A3956D46DE8}") = "area_L", "area_L", "{3F345213-1B6F-4758-B8F3-D61AE12DA28F}"
EndProject
Project("{FAE04EC0-301F-11D3-BF4B-00C04F79EFBC}") = "Regi_Combi_PR_Label", "Projects\area_Combi\Regi_Combi_PR_Label\Regi_Combi_PR_Label.csproj", "{D2E3F4A5-B6C7-8901-DEFA-123456789ABC}"
EndProject
Project("{FAE04EC0-301F-11D3-BF4B-00C04F79EFBC}") = "Regi_Combi_Half_Lot_Manage", "Projects\area_Combi\Regi_Combi_Half_Lot_Manage\Regi_Combi_Half_Lot_Manage.csproj", "{E3F4A5B6-C7D8-9012-EFAB-234567890DEF}"
EndProject
Project("{FAE04EC0-301F-11D3-BF4B-00C04F79EFBC}") = "PRODUCTION_ANALYSIS", "Projects\area_Combi\PRODUCTION_ANALYSIS\PRODUCTION_ANALYSIS.csproj", "{F4A5B6C7-D8E9-0123-FABC-345678901234}"
EndProject
Project("{2150E333-8FDC-42A3-9474-1A3956D46DE8}") = "Admin", "Admin", "{999E43A4-5605-49E8-8BC8-ECFECFDF9C96}"
EndProject
Project("{FAE04EC0-301F-11D3-BF4B-00C04F79EFBC}") = "PATCH_NOTE", "Projects\Admin\PATCH_NOTE\PATCH_NOTE.csproj", "{A5B6C7D8-E901-2345-ABCD-567890ABCDEF}"
EndProject
Project("{FAE04EC0-301F-11D3-BF4B-00C04F79EFBC}") = "MENUSET", "Projects\Admin\MENUSET\MENUSET.csproj", "{A1B2C3D4-0001-0001-0001-000000000000}"
EndProject
Project("{FAE04EC0-301F-11D3-BF4B-00C04F79EFBC}") = "RE_INS", "Projects\area_L\RE_INS\RE_INS.csproj", "{B2C3D4E5-F6A7-8901-BCDE-F12345678901}"
EndProject
Project("{FAE04EC0-301F-11D3-BF4B-00C04F79EFBC}") = "DANPLA_COLLECTOR", "Projects\area_L\DANPLA_COLLECTOR\DANPLA_COLLECTOR.csproj", "{C3D4E5F6-A7B8-9012-CDEF-123456789012}"
EndProject
Project("{FAE04EC0-301F-11D3-BF4B-00C04F79EFBC}") = "REG_IN_ITEM", "Projects\area_L\REG_IN_ITEM\REG_IN_ITEM.csproj", "{D4E5F6A7-B8C9-0123-DEFA-234567890123}"
EndProject
Project("{FAE04EC0-301F-11D3-BF4B-00C04F79EFBC}") = "RE_INVEST", "Projects\area_L\RE_INVEST\RE_INVEST.csproj", "{E5F6A7B8-C9D0-1234-EFAB-345678901234}"
EndProject
Project("{FAE04EC0-301F-11D3-BF4B-00C04F79EFBC}") = "DANPLA_COLLECTOR_MATE", "Projects\area_L\DANPLA_COLLECTOR_MATE\DANPLA_COLLECTOR_MATE.csproj", "{F6A7B8C9-D0E1-2345-FABC-456789012345}"
EndProject
Project("{FAE04EC0-301F-11D3-BF4B-00C04F79EFBC}") = "EXCEL_FOR_MATE", "Projects\area_L\EXCEL_FOR_MATE\EXCEL_FOR_MATE.csproj", "{A7B8C9D0-E1F2-3456-ABCD-567890123456}"
EndProject
Project("{FAE04EC0-301F-11D3-BF4B-00C04F79EFBC}") = "UDI_RE_STORE", "Projects\area_L\UDI_RE_STORE\UDI_RE_STORE.csproj", "{B8C9D0E1-F2A3-4567-BCDE-678901234567}"
EndProject
Project("{FAE04EC0-301F-11D3-BF4B-00C04F79EFBC}") = "DANPLA_COLLECTOR_C", "Projects\area_C\DANPLA_COLLECTOR_C\DANPLA_COLLECTOR_C.csproj", "{C1D2E3F4-A5B6-7890-C1D2-E3F4A5B67890}"
EndProject
Project("{FAE04EC0-301F-11D3-BF4B-00C04F79EFBC}") = "UDI_COLLECTOR_EMAX", "Projects\area_C\UDI_COLLECTOR_EMAX\UDI_COLLECTOR_EMAX.csproj", "{D2E3F4A5-B6C7-8901-D2E3-F4A5B6C78901}"
EndProject
Project("{FAE04EC0-301F-11D3-BF4B-00C04F79EFBC}") = "Excel_QR", "Projects\area_C\Excel_QR\Excel_QR.csproj", "{E3F4A5B6-C7D8-9012-E3F4-A5B6C7D89012}"
EndProject
Project("{FAE04EC0-301F-11D3-BF4B-00C04F79EFBC}") = "EXCEL_QR_MAPPER", "Projects\area_C\EXCEL_QR_MAPPER\EXCEL_QR_MAPPER.csproj", "{F4A5B6C7-D8E9-0123-F4A5-B6C7D8E90123}"
EndProject
Project("{FAE04EC0-301F-11D3-BF4B-00C04F79EFBC}") = "ACCESSLOG", "Projects\Admin\ACCESSLOG\ACCESSLOG.csproj", "{A1B2C3D4-0002-0002-0002-ACCE00000000}"
EndProject
Global
	GlobalSection(SolutionConfigurationPlatforms) = preSolution
		Debug|Any CPU = Debug|Any CPU
		Release|Any CPU = Release|Any CPU
	EndGlobalSection
	GlobalSection(ProjectConfigurationPlatforms) = postSolution
		{7238B2A9-33EF-4BE6-9193-88366C1550C3}.Debug|Any CPU.ActiveCfg = Debug|Any CPU
		{7238B2A9-33EF-4BE6-9193-88366C1550C3}.Debug|Any CPU.Build.0 = Debug|Any CPU
		{7238B2A9-33EF-4BE6-9193-88366C1550C3}.Release|Any CPU.ActiveCfg = Release|Any CPU
		{7238B2A9-33EF-4BE6-9193-88366C1550C3}.Release|Any CPU.Build.0 = Release|Any CPU
		{A1B2C3D4-E5F6-7890-ABCD-EF1234567890}.Debug|Any CPU.ActiveCfg = Debug|Any CPU
		{A1B2C3D4-E5F6-7890-ABCD-EF1234567890}.Debug|Any CPU.Build.0 = Debug|Any CPU
		{A1B2C3D4-E5F6-7890-ABCD-EF1234567890}.Release|Any CPU.ActiveCfg = Release|Any CPU
		{A1B2C3D4-E5F6-7890-ABCD-EF1234567890}.Release|Any CPU.Build.0 = Release|Any CPU
		{B1C2D3E4-0001-0000-0000-000000000000}.Debug|Any CPU.ActiveCfg = Debug|Any CPU
		{B1C2D3E4-0001-0000-0000-000000000000}.Debug|Any CPU.Build.0 = Debug|Any CPU
		{B1C2D3E4-0001-0000-0000-000000000000}.Release|Any CPU.ActiveCfg = Release|Any CPU
		{B1C2D3E4-0001-0000-0000-000000000000}.Release|Any CPU.Build.0 = Release|Any CPU
		{D2E3F4A5-B6C7-8901-DEFA-123456789ABC}.Debug|Any CPU.ActiveCfg = Debug|Any CPU
		{D2E3F4A5-B6C7-8901-DEFA-123456789ABC}.Debug|Any CPU.Build.0 = Debug|Any CPU
		{D2E3F4A5-B6C7-8901-DEFA-123456789ABC}.Release|Any CPU.ActiveCfg = Release|Any CPU
		{D2E3F4A5-B6C7-8901-DEFA-123456789ABC}.Release|Any CPU.Build.0 = Release|Any CPU
		{E3F4A5B6-C7D8-9012-EFAB-234567890DEF}.Debug|Any CPU.ActiveCfg = Debug|Any CPU
		{E3F4A5B6-C7D8-9012-EFAB-234567890DEF}.Debug|Any CPU.Build.0 = Debug|Any CPU
		{E3F4A5B6-C7D8-9012-EFAB-234567890DEF}.Release|Any CPU.ActiveCfg = Release|Any CPU
		{E3F4A5B6-C7D8-9012-EFAB-234567890DEF}.Release|Any CPU.Build.0 = Release|Any CPU
		{F4A5B6C7-D8E9-0123-FABC-345678901234}.Debug|Any CPU.ActiveCfg = Debug|Any CPU
		{F4A5B6C7-D8E9-0123-FABC-345678901234}.Debug|Any CPU.Build.0 = Debug|Any CPU
		{F4A5B6C7-D8E9-0123-FABC-345678901234}.Release|Any CPU.ActiveCfg = Release|Any CPU
		{F4A5B6C7-D8E9-0123-FABC-345678901234}.Release|Any CPU.Build.0 = Release|Any CPU
		{A5B6C7D8-E901-2345-ABCD-567890ABCDEF}.Debug|Any CPU.ActiveCfg = Debug|Any CPU
		{A5B6C7D8-E901-2345-ABCD-567890ABCDEF}.Debug|Any CPU.Build.0 = Debug|Any CPU
		{A5B6C7D8-E901-2345-ABCD-567890ABCDEF}.Release|Any CPU.ActiveCfg = Release|Any CPU
		{A5B6C7D8-E901-2345-ABCD-567890ABCDEF}.Release|Any CPU.Build.0 = Release|Any CPU
		{A1B2C3D4-0001-0001-0001-000000000000}.Debug|Any CPU.ActiveCfg = Debug|Any CPU
		{A1B2C3D4-0001-0001-0001-000000000000}.Debug|Any CPU.Build.0 = Debug|Any CPU
		{A1B2C3D4-0001-0001-0001-000000000000}.Release|Any CPU.ActiveCfg = Release|Any CPU
		{A1B2C3D4-0001-0001-0001-000000000000}.Release|Any CPU.Build.0 = Release|Any CPU
		{B2C3D4E5-F6A7-8901-BCDE-F12345678901}.Debug|Any CPU.ActiveCfg = Debug|Any CPU
		{B2C3D4E5-F6A7-8901-BCDE-F12345678901}.Debug|Any CPU.Build.0 = Debug|Any CPU
		{B2C3D4E5-F6A7-8901-BCDE-F12345678901}.Release|Any CPU.ActiveCfg = Release|Any CPU
		{B2C3D4E5-F6A7-8901-BCDE-F12345678901}.Release|Any CPU.Build.0 = Release|Any CPU
		{C3D4E5F6-A7B8-9012-CDEF-123456789012}.Debug|Any CPU.ActiveCfg = Debug|Any CPU
		{C3D4E5F6-A7B8-9012-CDEF-123456789012}.Debug|Any CPU.Build.0 = Debug|Any CPU
		{C3D4E5F6-A7B8-9012-CDEF-123456789012}.Release|Any CPU.ActiveCfg = Release|Any CPU
		{C3D4E5F6-A7B8-9012-CDEF-123456789012}.Release|Any CPU.Build.0 = Release|Any CPU
		{D4E5F6A7-B8C9-0123-DEFA-234567890123}.Debug|Any CPU.ActiveCfg = Debug|Any CPU
		{D4E5F6A7-B8C9-0123-DEFA-234567890123}.Debug|Any CPU.Build.0 = Debug|Any CPU
		{D4E5F6A7-B8C9-0123-DEFA-234567890123}.Release|Any CPU.ActiveCfg = Release|Any CPU
		{D4E5F6A7-B8C9-0123-DEFA-234567890123}.Release|Any CPU.Build.0 = Release|Any CPU
		{E5F6A7B8-C9D0-1234-EFAB-345678901234}.Debug|Any CPU.ActiveCfg = Debug|Any CPU
		{E5F6A7B8-C9D0-1234-EFAB-345678901234}.Debug|Any CPU.Build.0 = Debug|Any CPU
		{E5F6A7B8-C9D0-1234-EFAB-345678901234}.Release|Any CPU.ActiveCfg = Release|Any CPU
		{E5F6A7B8-C9D0-1234-EFAB-345678901234}.Release|Any CPU.Build.0 = Release|Any CPU
		{F6A7B8C9-D0E1-2345-FABC-456789012345}.Debug|Any CPU.ActiveCfg = Debug|Any CPU
		{F6A7B8C9-D0E1-2345-FABC-456789012345}.Debug|Any CPU.Build.0 = Debug|Any CPU
		{F6A7B8C9-D0E1-2345-FABC-456789012345}.Release|Any CPU.ActiveCfg = Release|Any CPU
		{F6A7B8C9-D0E1-2345-FABC-456789012345}.Release|Any CPU.Build.0 = Release|Any CPU
		{A7B8C9D0-E1F2-3456-ABCD-567890123456}.Debug|Any CPU.ActiveCfg = Debug|Any CPU
		{A7B8C9D0-E1F2-3456-ABCD-567890123456}.Debug|Any CPU.Build.0 = Debug|Any CPU
		{A7B8C9D0-E1F2-3456-ABCD-567890123456}.Release|Any CPU.ActiveCfg = Release|Any CPU
		{A7B8C9D0-E1F2-3456-ABCD-567890123456}.Release|Any CPU.Build.0 = Release|Any CPU
		{B8C9D0E1-F2A3-4567-BCDE-678901234567}.Debug|Any CPU.ActiveCfg = Debug|Any CPU
		{B8C9D0E1-F2A3-4567-BCDE-678901234567}.Debug|Any CPU.Build.0 = Debug|Any CPU
		{B8C9D0E1-F2A3-4567-BCDE-678901234567}.Release|Any CPU.ActiveCfg = Release|Any CPU
		{B8C9D0E1-F2A3-4567-BCDE-678901234567}.Release|Any CPU.Build.0 = Release|Any CPU
		{C1D2E3F4-A5B6-7890-C1D2-E3F4A5B67890}.Debug|Any CPU.ActiveCfg = Debug|Any CPU
		{C1D2E3F4-A5B6-7890-C1D2-E3F4A5B67890}.Debug|Any CPU.Build.0 = Debug|Any CPU
		{C1D2E3F4-A5B6-7890-C1D2-E3F4A5B67890}.Release|Any CPU.ActiveCfg = Release|Any CPU
		{C1D2E3F4-A5B6-7890-C1D2-E3F4A5B67890}.Release|Any CPU.Build.0 = Release|Any CPU
		{D2E3F4A5-B6C7-8901-D2E3-F4A5B6C78901}.Debug|Any CPU.ActiveCfg = Debug|Any CPU
		{D2E3F4A5-B6C7-8901-D2E3-F4A5B6C78901}.Debug|Any CPU.Build.0 = Debug|Any CPU
		{D2E3F4A5-B6C7-8901-D2E3-F4A5B6C78901}.Release|Any CPU.ActiveCfg = Release|Any CPU
		{D2E3F4A5-B6C7-8901-D2E3-F4A5B6C78901}.Release|Any CPU.Build.0 = Release|Any CPU
		{E3F4A5B6-C7D8-9012-E3F4-A5B6C7D89012}.Debug|Any CPU.ActiveCfg = Debug|Any CPU
		{E3F4A5B6-C7D8-9012-E3F4-A5B6C7D89012}.Debug|Any CPU.Build.0 = Debug|Any CPU
		{E3F4A5B6-C7D8-9012-E3F4-A5B6C7D89012}.Release|Any CPU.ActiveCfg = Release|Any CPU
		{E3F4A5B6-C7D8-9012-E3F4-A5B6C7D89012}.Release|Any CPU.Build.0 = Release|Any CPU
		{F4A5B6C7-D8E9-0123-F4A5-B6C7D8E90123}.Debug|Any CPU.ActiveCfg = Debug|Any CPU
		{F4A5B6C7-D8E9-0123-F4A5-B6C7D8E90123}.Debug|Any CPU.Build.0 = Debug|Any CPU
		{F4A5B6C7-D8E9-0123-F4A5-B6C7D8E90123}.Release|Any CPU.ActiveCfg = Release|Any CPU
		{F4A5B6C7-D8E9-0123-F4A5-B6C7D8E90123}.Release|Any CPU.Build.0 = Release|Any CPU
		{A1B2C3D4-0002-0002-0002-ACCE00000000}.Debug|Any CPU.ActiveCfg = Debug|Any CPU
		{A1B2C3D4-0002-0002-0002-ACCE00000000}.Debug|Any CPU.Build.0 = Debug|Any CPU
		{A1B2C3D4-0002-0002-0002-ACCE00000000}.Release|Any CPU.ActiveCfg = Release|Any CPU
		{A1B2C3D4-0002-0002-0002-ACCE00000000}.Release|Any CPU.Build.0 = Release|Any CPU
	EndGlobalSection
	GlobalSection(SolutionProperties) = preSolution
		HideSolutionNode = FALSE
	EndGlobalSection
	GlobalSection(NestedProjects) = preSolution
		{B1000002-0000-0000-0000-000000000002} = {B1000001-0000-0000-0000-000000000001}
		{A1B2C3D4-E5F6-7890-ABCD-EF1234567890} = {B1000002-0000-0000-0000-000000000002}
		{B1C2D3E4-0001-0000-0000-000000000000} = {B1000002-0000-0000-0000-000000000002}
		{C8D5274F-AC00-46C7-1F8D-E88E81087A52} = {B1000001-0000-0000-0000-000000000001}
		{36D6148F-E3D3-4DC3-A9D8-340DB961F315} = {B1000001-0000-0000-0000-000000000001}
		{D4AB5496-EF87-4A28-ABAB-BC341E228D31} = {B1000001-0000-0000-0000-000000000001}
		{3F345213-1B6F-4758-B8F3-D61AE12DA28F} = {B1000001-0000-0000-0000-000000000001}
		{D2E3F4A5-B6C7-8901-DEFA-123456789ABC} = {B1000002-0000-0000-0000-000000000002}
		{E3F4A5B6-C7D8-9012-EFAB-234567890DEF} = {B1000002-0000-0000-0000-000000000002}
		{F4A5B6C7-D8E9-0123-FABC-345678901234} = {B1000002-0000-0000-0000-000000000002}
		{999E43A4-5605-49E8-8BC8-ECFECFDF9C96} = {B1000001-0000-0000-0000-000000000001}
		{A5B6C7D8-E901-2345-ABCD-567890ABCDEF} = {999E43A4-5605-49E8-8BC8-ECFECFDF9C96}
		{A1B2C3D4-0001-0001-0001-000000000000} = {999E43A4-5605-49E8-8BC8-ECFECFDF9C96}
		{B2C3D4E5-F6A7-8901-BCDE-F12345678901} = {3F345213-1B6F-4758-B8F3-D61AE12DA28F}
		{C3D4E5F6-A7B8-9012-CDEF-123456789012} = {3F345213-1B6F-4758-B8F3-D61AE12DA28F}
		{D4E5F6A7-B8C9-0123-DEFA-234567890123} = {3F345213-1B6F-4758-B8F3-D61AE12DA28F}
		{E5F6A7B8-C9D0-1234-EFAB-345678901234} = {3F345213-1B6F-4758-B8F3-D61AE12DA28F}
		{F6A7B8C9-D0E1-2345-FABC-456789012345} = {3F345213-1B6F-4758-B8F3-D61AE12DA28F}
		{A7B8C9D0-E1F2-3456-ABCD-567890123456} = {3F345213-1B6F-4758-B8F3-D61AE12DA28F}
		{B8C9D0E1-F2A3-4567-BCDE-678901234567} = {3F345213-1B6F-4758-B8F3-D61AE12DA28F}
		{C1D2E3F4-A5B6-7890-C1D2-E3F4A5B67890} = {36D6148F-E3D3-4DC3-A9D8-340DB961F315}
		{D2E3F4A5-B6C7-8901-D2E3-F4A5B6C78901} = {36D6148F-E3D3-4DC3-A9D8-340DB961F315}
		{E3F4A5B6-C7D8-9012-E3F4-A5B6C7D89012} = {36D6148F-E3D3-4DC3-A9D8-340DB961F315}
		{F4A5B6C7-D8E9-0123-F4A5-B6C7D8E90123} = {36D6148F-E3D3-4DC3-A9D8-340DB961F315}
		{A1B2C3D4-0002-0002-0002-ACCE00000000} = {999E43A4-5605-49E8-8BC8-ECFECFDF9C96}
	EndGlobalSection
	GlobalSection(ExtensibilityGlobals) = postSolution
		SolutionGuid = {97E2AC7E-6645-4F00-B7D7-8822B09F1C57}
	EndGlobalSection
EndGlobal
